Microsoft Visual Studio Solution File, Format Version 12.00
# Visual Studio Version 17
VisualStudioVersion = 17.5.2.0
MinimumVisualStudioVersion = 10.0.40219.1
Project("{FAE04EC0-301F-11D3-BF4B-00C04F79EFBC}") = "kalkulyator", "kalkulyator.csproj", "{DC2B210A-ACA6-C4F1-30CE-A26820F997FE}"
EndProject
Global
	GlobalSection(SolutionConfigurationPlatforms) = preSolution
		Debug|Any CPU = Debug|Any CPU
		Release|Any CPU = Release|Any CPU
	EndGlobalSection
	GlobalSection(ProjectConfigurationPlatforms) = postSolution
		{DC2B210A-ACA6-C4F1-30CE-A26820F997FE}.Debug|Any CPU.ActiveCfg = Debug|Any CPU
		{DC2B210A-ACA6-C4F1-30CE-A26820F997FE}.Debug|Any CPU.Build.0 = Debug|Any CPU
		{DC2B210A-ACA6-C4F1-30CE-A26820F997FE}.Release|Any CPU.ActiveCfg = Release|Any CPU
		{DC2B210A-ACA6-C4F1-30CE-A26820F997FE}.Release|Any CPU.Build.0 = Release|Any CPU
	EndGlobalSection
	GlobalSection(SolutionProperties) = preSolution
		HideSolutionNode = FALSE
	EndGlobalSection
	GlobalSection(ExtensibilityGlobals) = postSolution
		SolutionGuid = {DE3016F7-865C-4335-B30C-B7206D85859B}
	EndGlobalSection
EndGlobal
